// !$*UTF8*$!
{
	archiveVersion = 1;
	classes = {
	};
	objectVersion = 55;
	objects = {

/* Begin PBXBuildFile section */
		C356B3912822EE9F00CCC683 /* tvTime2App.swift in Sources */ = {isa = PBXBuildFile; fileRef = C356B3902822EE9F00CCC683 /* tvTime2App.swift */; };
		C356B3932822EE9F00CCC683 /* ContentView.swift in Sources */ = {isa = PBXBuildFile; fileRef = C356B3922822EE9F00CCC683 /* ContentView.swift */; };
		C356B3952822EEA100CCC683 /* Assets.xcassets in Resources */ = {isa = PBXBuildFile; fileRef = C356B3942822EEA100CCC683 /* Assets.xcassets */; };
		C356B3982822EEA100CCC683 /* Preview Assets.xcassets in Resources */ = {isa = PBXBuildFile; fileRef = C356B3972822EEA100CCC683 /* Preview Assets.xcassets */; };
		C356B39F2822FE4D00CCC683 /* MyStuff.swift in Sources */ = {isa = PBXBuildFile; fileRef = C356B39E2822FE4D00CCC683 /* MyStuff.swift */; };
		C356B3A12822FE6400CCC683 /* MyWatchlist.swift in Sources */ = {isa = PBXBuildFile; fileRef = C356B3A02822FE6400CCC683 /* MyWatchlist.swift */; };
		C356B3A32822FE6D00CCC683 /* AddShow.swift in Sources */ = {isa = PBXBuildFile; fileRef = C356B3A22822FE6D00CCC683 /* AddShow.swift */; };
/* End PBXBuildFile section */

/* Begin PBXFileReference section */
		C356B38D2822EE9F00CCC683 /* tvTime2.app */ = {isa = PBXFileReference; explicitFileType = wrapper.application; includeInIndex = 0; path = tvTime2.app; sourceTree = BUILT_PRODUCTS_DIR; };
		C356B3902822EE9F00CCC683 /* tvTime2App.swift */ = {isa = PBXFileReference; lastKnownFileType = sourcecode.swift; path = tvTime2App.swift; sourceTree = "<group>"; };
		C356B3922822EE9F00CCC683 /* ContentView.swift */ = {isa = PBXFileReference; lastKnownFileType = sourcecode.swift; path = ContentView.swift; sourceTree = "<group>"; };
		C356B3942822EEA100CCC683 /* Assets.xcassets */ = {isa = PBXFileReference; lastKnownFileType = folder.assetcatalog; path = Assets.xcassets; sourceTree = "<group>"; };
		C356B3972822EEA100CCC683 /* Preview Assets.xcassets */ = {isa = PBXFileReference; lastKnownFileType = folder.assetcatalog; path = "Preview Assets.xcassets"; sourceTree = "<group>"; };
		C356B39E2822FE4D00CCC683 /* MyStuff.swift */ = {isa = PBXFileReference; lastKnownFileType = sourcecode.swift; path = MyStuff.swift; sourceTree = "<group>"; };
		C356B3A02822FE6400CCC683 /* MyWatchlist.swift */ = {isa = PBXFileReference; lastKnownFileType = sourcecode.swift; path = MyWatchlist.swift; sourceTree = "<group>"; };
		C356B3A22822FE6D00CCC683 /* AddShow.swift */ = {isa = PBXFileReference; lastKnownFileType = sourcecode.swift; path = AddShow.swift; sourceTree = "<group>"; };
/* End PBXFileReference section */

/* Begin PBXFrameworksBuildPhase section */
		C356B38A2822EE9F00CCC683 /* Frameworks */ = {
			isa = PBXFrameworksBuildPhase;
			buildActionMask = 2147483647;
			files = (
			);
			runOnlyForDeploymentPostprocessing = 0;
		};
/* End PBXFrameworksBuildPhase section */

/* Begin PBXGroup section */
		C356B3842822EE9F00CCC683 = {
			isa = PBXGroup;
			children = (
				C356B38F2822EE9F00CCC683 /* tvTime2 */,
				C356B38E2822EE9F00CCC683 /* Products */,
			);
			sourceTree = "<group>";
		};
		C356B38E2822EE9F00CCC683 /* Products */ = {
			isa = PBXGroup;
			children = (
				C356B38D2822EE9F00CCC683 /* tvTime2.app */,
			);
			name = Products;
			sourceTree = "<group>";
		};
		C356B38F2822EE9F00CCC683 /* tvTime2 */ = {
			isa = PBXGroup;
			children = (
				C356B3902822EE9F00CCC683 /* tvTime2App.swift */,
				C356B3922822EE9F00CCC683 /* ContentView.swift */,
				C356B39E2822FE4D00CCC683 /* MyStuff.swift */,
				C356B3A02822FE6400CCC683 /* MyWatchlist.swift */,
				C356B3A22822FE6D00CCC683 /* AddShow.swift */,
				C356B3942822EEA100CCC683 /* Assets.xcassets */,
				C356B3962822EEA100CCC683 /* Preview Content */,
			);
			path = tvTime2;
			sourceTree = "<group>";
		};
		C356B3962822EEA100CCC683 /* Preview Content */ = {
			isa = PBXGroup;
			children = (
				C356B3972822EEA100CCC683 /* Preview Assets.xcassets */,
			);
			path = "Preview Content";
			sourceTree = "<group>";
		};
/* End PBXGroup section */

/* Begin PBXNativeTarget section */
		C356B38C2822EE9F00CCC683 /* tvTime2 */ = {
			isa = PBXNativeTarget;
			buildConfigurationList = C356B39B2822EEA100CCC683 /* Build configuration list for PBXNativeTarget "tvTime2" */;
			buildPhases = (
				C356B3892822EE9F00CCC683 /* Sources */,
				C356B38A2822EE9F00CCC683 /* Frameworks */,
				C356B38B2822EE9F00CCC683 /* Resources */,
			);
			buildRules = (
			);
			dependencies = (
			);
			name = tvTime2;
			productName = tvTime2;
			productReference = C356B38D2822EE9F00CCC683 /* tvTime2.app */;
			productType = "com.apple.product-type.application";
		};
/* End PBXNativeTarget section */

/* Begin PBXProject section */
		C356B3852822EE9F00CCC683 /* Project object */ = {
			isa = PBXProject;
			attributes = {
				BuildIndependentTargetsInParallel = 1;
				LastSwiftUpdateCheck = 1320;
				LastUpgradeCheck = 1320;
				TargetAttributes = {
					C356B38C2822EE9F00CCC683 = {
						CreatedOnToolsVersion = 13.2.1;
					};
				};
			};
			buildConfigurationList = C356B3882822EE9F00CCC683 /* Build configuration list for PBXProject "tvTime2" */;
			compatibilityVersion = "Xcode 13.0";
			developmentRegion = en;
			hasScannedForEncodings = 0;
			knownRegions = (
				en,
				Base,
			);
			mainGroup = C356B3842822EE9F00CCC683;
			productRefGroup = C356B38E2822EE9F00CCC683 /* Products */;
			projectDirPath = "";
			projectRoot = "";
			targets = (
				C356B38C2822EE9F00CCC683 /* tvTime2 */,
			);
		};
/* End PBXProject section */

/* Begin PBXResourcesBuildPhase section */
		C356B38B2822EE9F00CCC683 /* Resources */ = {
			isa = PBXResourcesBuildPhase;
			buildActionMask = 2147483647;
			files = (
				C356B3982822EEA100CCC683 /* Preview Assets.xcassets in Resources */,
				C356B3952822EEA100CCC683 /* Assets.xcassets in Resources */,
			);
			runOnlyForDeploymentPostprocessing = 0;
		};
/* End PBXResourcesBuildPhase section */

/* Begin PBXSourcesBuildPhase section */
		C356B3892822EE9F00CCC683 /* Sources */ = {
			isa = PBXSourcesBuildPhase;
			buildActionMask = 2147483647;
			files = (
				C356B3932822EE9F00CCC683 /* ContentView.swift in Sources */,
				C356B3A12822FE6400CCC683 /* MyWatchlist.swift in Sources */,
				C356B39F2822FE4D00CCC683 /* MyStuff.swift in Sources */,
				C356B3A32822FE6D00CCC683 /* AddShow.swift in Sources */,
				C356B3912822EE9F00CCC683 /* tvTime2App.swift in Sources */,
			);
			runOnlyForDeploymentPostprocessing = 0;
		};
/* End PBXSourcesBuildPhase section */

/* Begin XCBuildConfiguration section */
		C356B3992822EEA100CCC683 /* Debug */ = {
			isa = XCBuildConfiguration;
			buildSettings = {
				ALWAYS_SEARCH_USER_PATHS = NO;
				CLANG_ANALYZER_NONNULL = YES;
				CLANG_ANALYZER_NUMBER_OBJECT_CONVERSION = YES_AGGRESSIVE;
				CLANG_CXX_LANGUAGE_STANDARD = "gnu++17";
				CLANG_CXX_LIBRARY = "libc++";
				CLANG_ENABLE_MODULES = YES;
				CLANG_ENABLE_OBJC_ARC = YES;
				CLANG_ENABLE_OBJC_WEAK = YES;
				CLANG_WARN_BLOCK_CAPTURE_AUTORELEASING = YES;
				CLANG_WARN_BOOL_CONVERSION = YES;
				CLANG_WARN_COMMA = YES;
				CLANG_WARN_CONSTANT_CONVERSION = YES;
				CLANG_WARN_DEPRECATED_OBJC_IMPLEMENTATIONS = YES;
				CLANG_WARN_DIRECT_OBJC_ISA_USAGE = YES_ERROR;
				CLANG_WARN_DOCUMENTATION_COMMENTS = YES;
				CLANG_WARN_EMPTY_BODY = YES;
				CLANG_WARN_ENUM_CONVERSION = YES;
				CLANG_WARN_INFINITE_RECURSION = YES;
				CLANG_WARN_INT_CONVERSION = YES;
				CLANG_WARN_NON_LITERAL_NULL_CONVERSION = YES;
				CLANG_WARN_OBJC_IMPLICIT_RETAIN_SELF = YES;
				CLANG_WARN_OBJC_LITERAL_CONVERSION = YES;
				CLANG_WARN_OBJC_ROOT_CLASS = YES_ERROR;
				CLANG_WARN_QUOTED_INCLUDE_IN_FRAMEWORK_HEADER = YES;
				CLANG_WARN_RANGE_LOOP_ANALYSIS = YES;
				CLANG_WARN_STRICT_PROTOTYPES = YES;
				CLANG_WARN_SUSPICIOUS_MOVE = YES;
				CLANG_WARN_UNGUARDED_AVAILABILITY = YES_AGGRESSIVE;
				CLANG_WARN_UNREACHABLE_CODE = YES;
				CLANG_WARN__DUPLICATE_METHOD_MATCH = YES;
				COPY_PHASE_STRIP = NO;
				DEBUG_INFORMATION_FORMAT = dwarf;
				ENABLE_STRICT_OBJC_MSGSEND = YES;
				ENABLE_TESTABILITY = YES;
				GCC_C_LANGUAGE_STANDARD = gnu11;
				GCC_DYNAMIC_NO_PIC = NO;
				GCC_NO_COMMON_BLOCKS = YES;
				GCC_OPTIMIZATION_LEVEL = 0;
				GCC_PREPROCESSOR_DEFINITIONS = (
					"DEBUG=1",
					"$(inherited)",
				);
				GCC_WARN_64_TO_32_BIT_CONVERSION = YES;
				GCC_WARN_ABOUT_RETURN_TYPE = YES_ERROR;
				GCC_WARN_UNDECLARED_SELECTOR = YES;
				GCC_WARN_UNINITIALIZED_AUTOS = YES_AGGRESSIVE;
				GCC_WARN_UNUSED_FUNCTION = YES;
				GCC_WARN_UNUSED_VARIABLE = YES;
				IPHONEOS_DEPLOYMENT_TARGET = 15.2;
				MTL_ENABLE_DEBUG_INFO = INCLUDE_SOURCE;
				MTL_FAST_MATH = YES;
				ONLY_ACTIVE_ARCH = YES;
				SDKROOT = iphoneos;
				SWIFT_ACTIVE_COMPILATION_CONDITIONS = DEBUG;
				SWIFT_OPTIMIZATION_LEVEL = "-Onone";
			};
			name = Debug;
		};
		C356B39A2822EEA100CCC683 /* Release */ = {
			isa = XCBuildConfiguration;
			buildSettings = {
				ALWAYS_SEARCH_USER_PATHS = NO;
				CLANG_ANALYZER_NONNULL = YES;
				CLANG_ANALYZER_NUMBER_OBJECT_CONVERSION = YES_AGGRESSIVE;
				CLANG_CXX_LANGUAGE_STANDARD = "gnu++17";
				CLANG_CXX_LIBRARY = "libc++";
				CLANG_ENABLE_MODULES = YES;
				CLANG_ENABLE_OBJC_ARC = YES;
				CLANG_ENABLE_OBJC_WEAK = YES;
				CLANG_WARN_BLOCK_CAPTURE_AUTORELEASING = YES;
				CLANG_WARN_BOOL_CONVERSION = YES;
				CLANG_WARN_COMMA = YES;
				CLANG_WARN_CONSTANT_CONVERSION = YES;
				CLANG_WARN_DEPRECATED_OBJC_IMPLEMENTATIONS = YES;
				CLANG_WARN_DIRECT_OBJC_ISA_USAGE = YES_ERROR;
				CLANG_WARN_DOCUMENTATION_COMMENTS = YES;
				CLANG_WARN_EMPTY_BODY = YES;
				CLANG_WARN_ENUM_CONVERSION = YES;
				CLANG_WARN_INFINITE_RECURSION = YES;
				CLANG_WARN_INT_CONVERSION = YES;
				CLANG_WARN_NON_LITERAL_NULL_CONVERSION = YES;
				CLANG_WARN_OBJC_IMPLICIT_RETAIN_SELF = YES;
				CLANG_WARN_OBJC_LITERAL_CONVERSION = YES;
				CLANG_WARN_OBJC_ROOT_CLASS = YES_ERROR;
				CLANG_WARN_QUOTED_INCLUDE_IN_FRAMEWORK_HEADER = YES;
				CLANG_WARN_RANGE_LOOP_ANALYSIS = YES;
				CLANG_WARN_STRICT_PROTOTYPES = YES;
				CLANG_WARN_SUSPICIOUS_MOVE = YES;
				CLANG_WARN_UNGUARDED_AVAILABILITY = YES_AGGRESSIVE;
				CLANG_WARN_UNREACHABLE_CODE = YES;
				CLANG_WARN__DUPLICATE_METHOD_MATCH = YES;
				COPY_PHASE_STRIP = NO;
				DEBUG_INFORMATION_FORMAT = "dwarf-with-dsym";
				ENABLE_NS_ASSERTIONS = NO;
				ENABLE_STRICT_OBJC_MSGSEND = YES;
				GCC_C_LANGUAGE_STANDARD = gnu11;
				GCC_NO_COMMON_BLOCKS = YES;
				GCC_WARN_64_TO_32_BIT_CONVERSION = YES;
				GCC_WARN_ABOUT_RETURN_TYPE = YES_ERROR;
				GCC_WARN_UNDECLARED_SELECTOR = YES;
				GCC_WARN_UNINITIALIZED_AUTOS = YES_AGGRESSIVE;
				GCC_WARN_UNUSED_FUNCTION = YES;
				GCC_WARN_UNUSED_VARIABLE = YES;
				IPHONEOS_DEPLOYMENT_TARGET = 15.2;
				MTL_ENABLE_DEBUG_INFO = NO;
				MTL_FAST_MATH = YES;
				SDKROOT = iphoneos;
				SWIFT_COMPILATION_MODE = wholemodule;
				SWIFT_OPTIMIZATION_LEVEL = "-O";
				VALIDATE_PRODUCT = YES;
			};
			name = Release;
		};
		C356B39C2822EEA100CCC683 /* Debug */ = {
			isa = XCBuildConfiguration;
			buildSettings = {
				ASSETCATALOG_COMPILER_APPICON_NAME = AppIcon;
				ASSETCATALOG_COMPILER_GLOBAL_ACCENT_COLOR_NAME = AccentColor;
				CODE_SIGN_STYLE = Automatic;
				CURRENT_PROJECT_VERSION = 1;
				DEVELOPMENT_ASSET_PATHS = "\"tvTime2/Preview Content\"";
				DEVELOPMENT_TEAM = 3RWDQTD9F7;
				ENABLE_PREVIEWS = YES;
				GENERATE_INFOPLIST_FILE = YES;
				INFOPLIST_KEY_UIApplicationSceneManifest_Generation = YES;
				INFOPLIST_KEY_UIApplicationSupportsIndirectInputEvents = YES;
				INFOPLIST_KEY_UILaunchScreen_Generation = YES;
				INFOPLIST_KEY_UISupportedInterfaceOrientations_iPad = "UIInterfaceOrientationPortrait UIInterfaceOrientationPortraitUpsideDown UIInterfaceOrientationLandscapeLeft UIInterfaceOrientationLandscapeRight";
				INFOPLIST_KEY_UISupportedInterfaceOrientations_iPhone = "UIInterfaceOrientationPortrait UIInterfaceOrientationLandscapeLeft UIInterfaceOrientationLandscapeRight";
				LD_RUNPATH_SEARCH_PATHS = (
					"$(inherited)",
					"@executable_path/Frameworks",
				);
				MARKETING_VERSION = 1.0;
				PRODUCT_BUNDLE_IDENTIFIER = "Matt-Vonderheide.tvTime2";
				PRODUCT_NAME = "$(TARGET_NAME)";
				SWIFT_EMIT_LOC_STRINGS = YES;
				SWIFT_VERSION = 5.0;
				TARGETED_DEVICE_FAMILY = "1,2";
			};
			name = Debug;
		};
		C356B39D2822EEA100CCC683 /* Release */ = {
			isa = XCBuildConfiguration;
			buildSettings = {
				ASSETCATALOG_COMPILER_APPICON_NAME = AppIcon;
				ASSETCATALOG_COMPILER_GLOBAL_ACCENT_COLOR_NAME = AccentColor;
				CODE_SIGN_STYLE = Automatic;
				CURRENT_PROJECT_VERSION = 1;
				DEVELOPMENT_ASSET_PATHS = "\"tvTime2/Preview Content\"";
				DEVELOPMENT_TEAM = 3RWDQTD9F7;
				ENABLE_PREVIEWS = YES;
				GENERATE_INFOPLIST_FILE = YES;
				INFOPLIST_KEY_UIApplicationSceneManifest_Generation = YES;
				INFOPLIST_KEY_UIApplicationSupportsIndirectInputEvents = YES;
				INFOPLIST_KEY_UILaunchScreen_Generation = YES;
				INFOPLIST_KEY_UISupportedInterfaceOrientations_iPad = "UIInterfaceOrientationPortrait UIInterfaceOrientationPortraitUpsideDown UIInterfaceOrientationLandscapeLeft UIInterfaceOrientationLandscapeRight";
				INFOPLIST_KEY_UISupportedInterfaceOrientations_iPhone = "UIInterfaceOrientationPortrait UIInterfaceOrientationLandscapeLeft UIInterfaceOrientationLandscapeRight";
				LD_RUNPATH_SEARCH_PATHS = (
					"$(inherited)",
					"@executable_path/Frameworks",
				);
				MARKETING_VERSION = 1.0;
				PRODUCT_BUNDLE_IDENTIFIER = "Matt-Vonderheide.tvTime2";
				PRODUCT_NAME = "$(TARGET_NAME)";
				SWIFT_EMIT_LOC_STRINGS = YES;
				SWIFT_VERSION = 5.0;
				TARGETED_DEVICE_FAMILY = "1,2";
			};
			name = Release;
		};
/* End XCBuildConfiguration section */

/* Begin XCConfigurationList section */
		C356B3882822EE9F00CCC683 /* Build configuration list for PBXProject "tvTime2" */ = {
			isa = XCConfigurationList;
			buildConfigurations = (
				C356B3992822EEA100CCC683 /* Debug */,
				C356B39A2822EEA100CCC683 /* Release */,
			);
			defaultConfigurationIsVisible = 0;
			defaultConfigurationName = Release;
		};
		C356B39B2822EEA100CCC683 /* Build configuration list for PBXNativeTarget "tvTime2" */ = {
			isa = XCConfigurationList;
			buildConfigurations = (
				C356B39C2822EEA100CCC683 /* Debug */,
				C356B39D2822EEA100CCC683 /* Release */,
			);
			defaultConfigurationIsVisible = 0;
			defaultConfigurationName = Release;
		};
/* End XCConfigurationList section */
	};
	rootObject = C356B3852822EE9F00CCC683 /* Project object */;
}
